
Microsoft Visual Studio Solution File, Format Version 12.00
# Visual Studio Version 16
VisualStudioVersion = 16.0.29709.97
MinimumVisualStudioVersion = 10.0.40219.1
Project("{9A19103F-16F7-4668-BE54-9A1E7A4F7556}") = "Core", "src\backend\Core\Core.csproj", "{6AE63974-4F2D-49AC-90B7-5C962EDF07B8}"
EndProject
Project("{2150E333-8FDC-42A3-9474-1A3956D46DE8}") = "src", "src", "{8D2E090E-8006-409D-8687-923C08BA61C7}"
EndProject
Project("{2150E333-8FDC-42A3-9474-1A3956D46DE8}") = "0 - Common", "0 - Common", "{78956518-658C-4B12-B308-6EBD19C0D90D}"
EndProject
Project("{9A19103F-16F7-4668-BE54-9A1E7A4F7556}") = "Infra.EntityFramework.Extensions", "src\backend\Infra.EntityFramework.Extensions\Infra.EntityFramework.Extensions.csproj", "{B56E9C3A-438E-4CCA-B0DA-7F0F8728F825}"
EndProject
Project("{2150E333-8FDC-42A3-9474-1A3956D46DE8}") = "1 - Infra", "1 - Infra", "{843507EE-97F0-4040-9A76-BC444ABB99B4}"
EndProject
Project("{2150E333-8FDC-42A3-9474-1A3956D46DE8}") = "0 - Database", "0 - Database", "{50545042-1DFF-40B5-9AD8-3C23875B755E}"
EndProject
Project("{9A19103F-16F7-4668-BE54-9A1E7A4F7556}") = "Api", "src\backend\Api\Api.csproj", "{856A38E1-CDD4-4D1F-8144-D0660A882A70}"
EndProject
Project("{2150E333-8FDC-42A3-9474-1A3956D46DE8}") = "host", "host", "{B25AB853-6E76-4BBE-9D28-416ECEB9985B}"
EndProject
Project("{9A19103F-16F7-4668-BE54-9A1E7A4F7556}") = "Domain", "src\backend\Domain\Domain.csproj", "{A03EA5D1-D266-4E98-8834-F4D76933A960}"
EndProject
Project("{9A19103F-16F7-4668-BE54-9A1E7A4F7556}") = "Application", "src\backend\Application\Application.csproj", "{A93BBA46-34C0-411C-936F-6F02CD59B670}"
EndProject
Project("{2150E333-8FDC-42A3-9474-1A3956D46DE8}") = "tests", "tests", "{623EF9C4-38DE-416E-934A-9DEF61CC0CF5}"
EndProject
Project("{9A19103F-16F7-4668-BE54-9A1E7A4F7556}") = "Core.Tests", "tests\Core.Tests\Core.Tests.csproj", "{0CE83E80-1C0A-4B9F-A56E-169CE8232A72}"
EndProject
Project("{9A19103F-16F7-4668-BE54-9A1E7A4F7556}") = "Domain.Tests", "tests\Domain.Tests\Domain.Tests.csproj", "{AB02ECB2-E316-4883-9E72-33BF56178316}"
EndProject
Project("{9A19103F-16F7-4668-BE54-9A1E7A4F7556}") = "Application.Tests", "tests\Application.Tests\Application.Tests.csproj", "{95CDA28B-105B-4AB8-AE95-E6A40332BFAC}"
EndProject
Global
	GlobalSection(SolutionConfigurationPlatforms) = preSolution
		Debug|Any CPU = Debug|Any CPU
		Release|Any CPU = Release|Any CPU
	EndGlobalSection
	GlobalSection(ProjectConfigurationPlatforms) = postSolution
		{6AE63974-4F2D-49AC-90B7-5C962EDF07B8}.Debug|Any CPU.ActiveCfg = Debug|Any CPU
		{6AE63974-4F2D-49AC-90B7-5C962EDF07B8}.Debug|Any CPU.Build.0 = Debug|Any CPU
		{6AE63974-4F2D-49AC-90B7-5C962EDF07B8}.Release|Any CPU.ActiveCfg = Release|Any CPU
		{6AE63974-4F2D-49AC-90B7-5C962EDF07B8}.Release|Any CPU.Build.0 = Release|Any CPU
		{B56E9C3A-438E-4CCA-B0DA-7F0F8728F825}.Debug|Any CPU.ActiveCfg = Debug|Any CPU
		{B56E9C3A-438E-4CCA-B0DA-7F0F8728F825}.Debug|Any CPU.Build.0 = Debug|Any CPU
		{B56E9C3A-438E-4CCA-B0DA-7F0F8728F825}.Release|Any CPU.ActiveCfg = Release|Any CPU
		{B56E9C3A-438E-4CCA-B0DA-7F0F8728F825}.Release|Any CPU.Build.0 = Release|Any CPU
		{856A38E1-CDD4-4D1F-8144-D0660A882A70}.Debug|Any CPU.ActiveCfg = Debug|Any CPU
		{856A38E1-CDD4-4D1F-8144-D0660A882A70}.Debug|Any CPU.Build.0 = Debug|Any CPU
		{856A38E1-CDD4-4D1F-8144-D0660A882A70}.Release|Any CPU.ActiveCfg = Release|Any CPU
		{856A38E1-CDD4-4D1F-8144-D0660A882A70}.Release|Any CPU.Build.0 = Release|Any CPU
		{A03EA5D1-D266-4E98-8834-F4D76933A960}.Debug|Any CPU.ActiveCfg = Debug|Any CPU
		{A03EA5D1-D266-4E98-8834-F4D76933A960}.Debug|Any CPU.Build.0 = Debug|Any CPU
		{A03EA5D1-D266-4E98-8834-F4D76933A960}.Release|Any CPU.ActiveCfg = Release|Any CPU
		{A03EA5D1-D266-4E98-8834-F4D76933A960}.Release|Any CPU.Build.0 = Release|Any CPU
		{A93BBA46-34C0-411C-936F-6F02CD59B670}.Debug|Any CPU.ActiveCfg = Debug|Any CPU
		{A93BBA46-34C0-411C-936F-6F02CD59B670}.Debug|Any CPU.Build.0 = Debug|Any CPU
		{A93BBA46-34C0-411C-936F-6F02CD59B670}.Release|Any CPU.ActiveCfg = Release|Any CPU
		{A93BBA46-34C0-411C-936F-6F02CD59B670}.Release|Any CPU.Build.0 = Release|Any CPU
		{0CE83E80-1C0A-4B9F-A56E-169CE8232A72}.Debug|Any CPU.ActiveCfg = Debug|Any CPU
		{0CE83E80-1C0A-4B9F-A56E-169CE8232A72}.Debug|Any CPU.Build.0 = Debug|Any CPU
		{0CE83E80-1C0A-4B9F-A56E-169CE8232A72}.Release|Any CPU.ActiveCfg = Release|Any CPU
		{0CE83E80-1C0A-4B9F-A56E-169CE8232A72}.Release|Any CPU.Build.0 = Release|Any CPU
		{AB02ECB2-E316-4883-9E72-33BF56178316}.Debug|Any CPU.ActiveCfg = Debug|Any CPU
		{AB02ECB2-E316-4883-9E72-33BF56178316}.Debug|Any CPU.Build.0 = Debug|Any CPU
		{AB02ECB2-E316-4883-9E72-33BF56178316}.Release|Any CPU.ActiveCfg = Release|Any CPU
		{AB02ECB2-E316-4883-9E72-33BF56178316}.Release|Any CPU.Build.0 = Release|Any CPU
		{95CDA28B-105B-4AB8-AE95-E6A40332BFAC}.Debug|Any CPU.ActiveCfg = Debug|Any CPU
		{95CDA28B-105B-4AB8-AE95-E6A40332BFAC}.Debug|Any CPU.Build.0 = Debug|Any CPU
		{95CDA28B-105B-4AB8-AE95-E6A40332BFAC}.Release|Any CPU.ActiveCfg = Release|Any CPU
		{95CDA28B-105B-4AB8-AE95-E6A40332BFAC}.Release|Any CPU.Build.0 = Release|Any CPU
	EndGlobalSection
	GlobalSection(SolutionProperties) = preSolution
		HideSolutionNode = FALSE
	EndGlobalSection
	GlobalSection(NestedProjects) = preSolution
		{6AE63974-4F2D-49AC-90B7-5C962EDF07B8} = {78956518-658C-4B12-B308-6EBD19C0D90D}
		{78956518-658C-4B12-B308-6EBD19C0D90D} = {8D2E090E-8006-409D-8687-923C08BA61C7}
		{B56E9C3A-438E-4CCA-B0DA-7F0F8728F825} = {50545042-1DFF-40B5-9AD8-3C23875B755E}
		{843507EE-97F0-4040-9A76-BC444ABB99B4} = {8D2E090E-8006-409D-8687-923C08BA61C7}
		{50545042-1DFF-40B5-9AD8-3C23875B755E} = {843507EE-97F0-4040-9A76-BC444ABB99B4}
		{856A38E1-CDD4-4D1F-8144-D0660A882A70} = {B25AB853-6E76-4BBE-9D28-416ECEB9985B}
		{A03EA5D1-D266-4E98-8834-F4D76933A960} = {8D2E090E-8006-409D-8687-923C08BA61C7}
		{A93BBA46-34C0-411C-936F-6F02CD59B670} = {8D2E090E-8006-409D-8687-923C08BA61C7}
		{0CE83E80-1C0A-4B9F-A56E-169CE8232A72} = {623EF9C4-38DE-416E-934A-9DEF61CC0CF5}
		{AB02ECB2-E316-4883-9E72-33BF56178316} = {623EF9C4-38DE-416E-934A-9DEF61CC0CF5}
		{95CDA28B-105B-4AB8-AE95-E6A40332BFAC} = {623EF9C4-38DE-416E-934A-9DEF61CC0CF5}
	EndGlobalSection
	GlobalSection(ExtensibilityGlobals) = postSolution
		SolutionGuid = {8BF71CB4-3F70-4F35-9008-789B38F48A16}
	EndGlobalSection
EndGlobal
